
Microsoft Visual Studio Solution File, Format Version 12.00
# Visual Studio 15
VisualStudioVersion = 15.0.28307.779
MinimumVisualStudioVersion = 10.0.40219.1
Project("{2150E333-8FDC-42A3-9474-1A3956D46DE8}") = "Business", "Business", "{491D8213-3005-4DC0-8717-E3D57DBA614C}"
EndProject
Project("{2150E333-8FDC-42A3-9474-1A3956D46DE8}") = "Data", "Data", "{4249AA57-0508-4CD3-8014-1C265ACC279B}"
EndProject
Project("{2150E333-8FDC-42A3-9474-1A3956D46DE8}") = "Presentation", "Presentation", "{EA2C2DDA-7ECE-47C4-A9CE-D18B49112801}"
EndProject
Project("{2150E333-8FDC-42A3-9474-1A3956D46DE8}") = "Shared", "Shared", "{4A60E2C8-8727-4BD3-ADBE-9CC4B791206B}"
EndProject
Project("{FAE04EC0-301F-11D3-BF4B-00C04F79EFBC}") = "NCBP.Business", "NCBP.Business\NCBP.Business.csproj", "{36B1D80A-7785-473E-BCF5-DB918B531934}"
EndProject
Project("{FAE04EC0-301F-11D3-BF4B-00C04F79EFBC}") = "NCBP.Data", "NCBP.Data\NCBP.Data.csproj", "{E188D324-11FC-401E-91F7-E53269D6FDA6}"
EndProject
Project("{FAE04EC0-301F-11D3-BF4B-00C04F79EFBC}") = "NCBP.Entities", "NCBP.Entities\NCBP.Entities.csproj", "{AB74414D-FD03-4E38-960E-B510D24726FD}"
EndProject
Project("{FAE04EC0-301F-11D3-BF4B-00C04F79EFBC}") = "NCBP.UI.Web", "NCBP.UI.Web\NCBP.UI.Web.csproj", "{A4A7B412-AB01-43A2-B5C1-DBE458C94B31}"
EndProject
Global
	GlobalSection(SolutionConfigurationPlatforms) = preSolution
		Debug|Any CPU = Debug|Any CPU
		Release|Any CPU = Release|Any CPU
	EndGlobalSection
	GlobalSection(ProjectConfigurationPlatforms) = postSolution
		{36B1D80A-7785-473E-BCF5-DB918B531934}.Debug|Any CPU.ActiveCfg = Debug|Any CPU
		{36B1D80A-7785-473E-BCF5-DB918B531934}.Debug|Any CPU.Build.0 = Debug|Any CPU
		{36B1D80A-7785-473E-BCF5-DB918B531934}.Release|Any CPU.ActiveCfg = Release|Any CPU
		{36B1D80A-7785-473E-BCF5-DB918B531934}.Release|Any CPU.Build.0 = Release|Any CPU
		{E188D324-11FC-401E-91F7-E53269D6FDA6}.Debug|Any CPU.ActiveCfg = Debug|Any CPU
		{E188D324-11FC-401E-91F7-E53269D6FDA6}.Debug|Any CPU.Build.0 = Debug|Any CPU
		{E188D324-11FC-401E-91F7-E53269D6FDA6}.Release|Any CPU.ActiveCfg = Release|Any CPU
		{E188D324-11FC-401E-91F7-E53269D6FDA6}.Release|Any CPU.Build.0 = Release|Any CPU
		{AB74414D-FD03-4E38-960E-B510D24726FD}.Debug|Any CPU.ActiveCfg = Debug|Any CPU
		{AB74414D-FD03-4E38-960E-B510D24726FD}.Debug|Any CPU.Build.0 = Debug|Any CPU
		{AB74414D-FD03-4E38-960E-B510D24726FD}.Release|Any CPU.ActiveCfg = Release|Any CPU
		{AB74414D-FD03-4E38-960E-B510D24726FD}.Release|Any CPU.Build.0 = Release|Any CPU
		{A4A7B412-AB01-43A2-B5C1-DBE458C94B31}.Debug|Any CPU.ActiveCfg = Debug|Any CPU
		{A4A7B412-AB01-43A2-B5C1-DBE458C94B31}.Debug|Any CPU.Build.0 = Debug|Any CPU
		{A4A7B412-AB01-43A2-B5C1-DBE458C94B31}.Release|Any CPU.ActiveCfg = Release|Any CPU
		{A4A7B412-AB01-43A2-B5C1-DBE458C94B31}.Release|Any CPU.Build.0 = Release|Any CPU
	EndGlobalSection
	GlobalSection(SolutionProperties) = preSolution
		HideSolutionNode = FALSE
	EndGlobalSection
	GlobalSection(NestedProjects) = preSolution
		{36B1D80A-7785-473E-BCF5-DB918B531934} = {491D8213-3005-4DC0-8717-E3D57DBA614C}
		{E188D324-11FC-401E-91F7-E53269D6FDA6} = {4249AA57-0508-4CD3-8014-1C265ACC279B}
		{AB74414D-FD03-4E38-960E-B510D24726FD} = {4A60E2C8-8727-4BD3-ADBE-9CC4B791206B}
		{A4A7B412-AB01-43A2-B5C1-DBE458C94B31} = {EA2C2DDA-7ECE-47C4-A9CE-D18B49112801}
	EndGlobalSection
	GlobalSection(ExtensibilityGlobals) = postSolution
		SolutionGuid = {979E193B-60F7-473B-B608-A692D2258D6F}
	EndGlobalSection
EndGlobal
